
Microsoft Visual Studio Solution File, Format Version 12.00
# Visual Studio Version 17
VisualStudioVersion = 17.5.2.0
MinimumVisualStudioVersion = 10.0.40219.1
Project("{9A19103F-16F7-4668-BE54-9A1E7A4F7556}") = "Aranet4Monitor", "src\Aranet4Monitor\Aranet4Monitor.csproj", "{4D64E2C6-6077-4762-A3EC-C0E057F02D21}"
EndProject
Project("{9A19103F-16F7-4668-BE54-9A1E7A4F7556}") = "Aranet4Monitor.Tests", "tests\Aranet4Monitor.Tests\Aranet4Monitor.Tests.csproj", "{81E9A868-C6BB-4D5C-B75C-6FE4A9AC9C2A}"
EndProject
Project("{FAE04EC0-301F-11D3-BF4B-00C04F79EFBC}") = "Aranet4Monitor.Core", "src\Aranet4Monitor.Core\Aranet4Monitor.Core.csproj", "{EA9B6FE2-0A9F-4895-BF1A-85A2915448C5}"
EndProject
Project("{FAE04EC0-301F-11D3-BF4B-00C04F79EFBC}") = "Aranet4Monitor.Core.Tests", "tests\Aranet4Monitor.Core.Tests\Aranet4Monitor.Core.Tests.csproj", "{9446497A-0F78-4723-97C1-65779E9519BC}"
EndProject
Global
	GlobalSection(SolutionConfigurationPlatforms) = preSolution
		Debug|Any CPU = Debug|Any CPU
		Debug|x64 = Debug|x64
		Debug|x86 = Debug|x86
		Release|Any CPU = Release|Any CPU
		Release|x64 = Release|x64
		Release|x86 = Release|x86
	EndGlobalSection
	GlobalSection(ProjectConfigurationPlatforms) = postSolution
		{4D64E2C6-6077-4762-A3EC-C0E057F02D21}.Debug|Any CPU.ActiveCfg = Debug|Any CPU
		{4D64E2C6-6077-4762-A3EC-C0E057F02D21}.Debug|Any CPU.Build.0 = Debug|Any CPU
		{4D64E2C6-6077-4762-A3EC-C0E057F02D21}.Debug|x64.ActiveCfg = Debug|Any CPU
		{4D64E2C6-6077-4762-A3EC-C0E057F02D21}.Debug|x64.Build.0 = Debug|Any CPU
		{4D64E2C6-6077-4762-A3EC-C0E057F02D21}.Debug|x86.ActiveCfg = Debug|Any CPU
		{4D64E2C6-6077-4762-A3EC-C0E057F02D21}.Debug|x86.Build.0 = Debug|Any CPU
		{4D64E2C6-6077-4762-A3EC-C0E057F02D21}.Release|Any CPU.ActiveCfg = Release|Any CPU
		{4D64E2C6-6077-4762-A3EC-C0E057F02D21}.Release|Any CPU.Build.0 = Release|Any CPU
		{4D64E2C6-6077-4762-A3EC-C0E057F02D21}.Release|x64.ActiveCfg = Release|Any CPU
		{4D64E2C6-6077-4762-A3EC-C0E057F02D21}.Release|x64.Build.0 = Release|Any CPU
		{4D64E2C6-6077-4762-A3EC-C0E057F02D21}.Release|x86.ActiveCfg = Release|Any CPU
		{4D64E2C6-6077-4762-A3EC-C0E057F02D21}.Release|x86.Build.0 = Release|Any CPU
		{81E9A868-C6BB-4D5C-B75C-6FE4A9AC9C2A}.Debug|Any CPU.ActiveCfg = Debug|Any CPU
		{81E9A868-C6BB-4D5C-B75C-6FE4A9AC9C2A}.Debug|Any CPU.Build.0 = Debug|Any CPU
		{81E9A868-C6BB-4D5C-B75C-6FE4A9AC9C2A}.Debug|x64.ActiveCfg = Debug|Any CPU
		{81E9A868-C6BB-4D5C-B75C-6FE4A9AC9C2A}.Debug|x64.Build.0 = Debug|Any CPU
		{81E9A868-C6BB-4D5C-B75C-6FE4A9AC9C2A}.Debug|x86.ActiveCfg = Debug|Any CPU
		{81E9A868-C6BB-4D5C-B75C-6FE4A9AC9C2A}.Debug|x86.Build.0 = Debug|Any CPU
		{81E9A868-C6BB-4D5C-B75C-6FE4A9AC9C2A}.Release|Any CPU.ActiveCfg = Release|Any CPU
		{81E9A868-C6BB-4D5C-B75C-6FE4A9AC9C2A}.Release|Any CPU.Build.0 = Release|Any CPU
		{81E9A868-C6BB-4D5C-B75C-6FE4A9AC9C2A}.Release|x64.ActiveCfg = Release|Any CPU
		{81E9A868-C6BB-4D5C-B75C-6FE4A9AC9C2A}.Release|x64.Build.0 = Release|Any CPU
		{81E9A868-C6BB-4D5C-B75C-6FE4A9AC9C2A}.Release|x86.ActiveCfg = Release|Any CPU
		{81E9A868-C6BB-4D5C-B75C-6FE4A9AC9C2A}.Release|x86.Build.0 = Release|Any CPU
		{EA9B6FE2-0A9F-4895-BF1A-85A2915448C5}.Debug|Any CPU.ActiveCfg = Debug|Any CPU
		{EA9B6FE2-0A9F-4895-BF1A-85A2915448C5}.Debug|Any CPU.Build.0 = Debug|Any CPU
		{EA9B6FE2-0A9F-4895-BF1A-85A2915448C5}.Debug|x64.ActiveCfg = Debug|Any CPU
		{EA9B6FE2-0A9F-4895-BF1A-85A2915448C5}.Debug|x64.Build.0 = Debug|Any CPU
		{EA9B6FE2-0A9F-4895-BF1A-85A2915448C5}.Debug|x86.ActiveCfg = Debug|Any CPU
		{EA9B6FE2-0A9F-4895-BF1A-85A2915448C5}.Debug|x86.Build.0 = Debug|Any CPU
		{EA9B6FE2-0A9F-4895-BF1A-85A2915448C5}.Release|Any CPU.ActiveCfg = Release|Any CPU
		{EA9B6FE2-0A9F-4895-BF1A-85A2915448C5}.Release|Any CPU.Build.0 = Release|Any CPU
		{EA9B6FE2-0A9F-4895-BF1A-85A2915448C5}.Release|x64.ActiveCfg = Release|Any CPU
		{EA9B6FE2-0A9F-4895-BF1A-85A2915448C5}.Release|x64.Build.0 = Release|Any CPU
		{EA9B6FE2-0A9F-4895-BF1A-85A2915448C5}.Release|x86.ActiveCfg = Release|Any CPU
		{EA9B6FE2-0A9F-4895-BF1A-85A2915448C5}.Release|x86.Build.0 = Release|Any CPU
		{9446497A-0F78-4723-97C1-65779E9519BC}.Debug|Any CPU.ActiveCfg = Debug|Any CPU
		{9446497A-0F78-4723-97C1-65779E9519BC}.Debug|Any CPU.Build.0 = Debug|Any CPU
		{9446497A-0F78-4723-97C1-65779E9519BC}.Debug|x64.ActiveCfg = Debug|Any CPU
		{9446497A-0F78-4723-97C1-65779E9519BC}.Debug|x64.Build.0 = Debug|Any CPU
		{9446497A-0F78-4723-97C1-65779E9519BC}.Debug|x86.ActiveCfg = Debug|Any CPU
		{9446497A-0F78-4723-97C1-65779E9519BC}.Debug|x86.Build.0 = Debug|Any CPU
		{9446497A-0F78-4723-97C1-65779E9519BC}.Release|Any CPU.ActiveCfg = Release|Any CPU
		{9446497A-0F78-4723-97C1-65779E9519BC}.Release|Any CPU.Build.0 = Release|Any CPU
		{9446497A-0F78-4723-97C1-65779E9519BC}.Release|x64.ActiveCfg = Release|Any CPU
		{9446497A-0F78-4723-97C1-65779E9519BC}.Release|x64.Build.0 = Release|Any CPU
		{9446497A-0F78-4723-97C1-65779E9519BC}.Release|x86.ActiveCfg = Release|Any CPU
		{9446497A-0F78-4723-97C1-65779E9519BC}.Release|x86.Build.0 = Release|Any CPU
	EndGlobalSection
	GlobalSection(SolutionProperties) = preSolution
		HideSolutionNode = FALSE
	EndGlobalSection
	GlobalSection(ExtensibilityGlobals) = postSolution
		SolutionGuid = {618E7BC3-3876-4B41-B1B8-F8C7209D8917}
	EndGlobalSection
EndGlobal
